
Microsoft Visual Studio Solution File, Format Version 12.00
# Visual Studio Version 17
VisualStudioVersion = 17.4.33110.190
MinimumVisualStudioVersion = 10.0.40219.1
Project("{FAE04EC0-301F-11D3-BF4B-00C04F79EFBC}") = "trianguloOOP", "trianguloOOP.csproj", "{D152E58E-EAC3-4C66-B4A0-805EA015C7DF}"
EndProject
Global
	GlobalSection(SolutionConfigurationPlatforms) = preSolution
		Debug|Any CPU = Debug|Any CPU
		Release|Any CPU = Release|Any CPU
	EndGlobalSection
	GlobalSection(ProjectConfigurationPlatforms) = postSolution
		{D152E58E-EAC3-4C66-B4A0-805EA015C7DF}.Debug|Any CPU.ActiveCfg = Debug|Any CPU
		{D152E58E-EAC3-4C66-B4A0-805EA015C7DF}.Debug|Any CPU.Build.0 = Debug|Any CPU
		{D152E58E-EAC3-4C66-B4A0-805EA015C7DF}.Release|Any CPU.ActiveCfg = Release|Any CPU
		{D152E58E-EAC3-4C66-B4A0-805EA015C7DF}.Release|Any CPU.Build.0 = Release|Any CPU
	EndGlobalSection
	GlobalSection(SolutionProperties) = preSolution
		HideSolutionNode = FALSE
	EndGlobalSection
	GlobalSection(ExtensibilityGlobals) = postSolution
		SolutionGuid = {C9BAF862-851E-4C49-9128-0932D99A5E2A}
	EndGlobalSection
EndGlobal
